
Microsoft Visual Studio Solution File, Format Version 12.00
# Visual Studio 15
VisualStudioVersion = 15.0.27703.2042
MinimumVisualStudioVersion = 10.0.40219.1
Project("{FAE04EC0-301F-11D3-BF4B-00C04F79EFBC}") = "LSSDMetricsLibrary", "LSKYStudentMetrics\LSSDMetricsLibrary.csproj", "{9EDD9B9F-FF05-49B9-8394-483968BA6C30}"
EndProject
Project("{FAE04EC0-301F-11D3-BF4B-00C04F79EFBC}") = "MetricDataGatherer", "MetricDataGatherer\MetricDataGatherer.csproj", "{CC96AF6C-FFD0-4269-8FB9-9FA936B73F64}"
EndProject
Project("{E24C65DC-7377-472B-9ABA-BC803B73C61A}") = "StudentMetricsWeb", "StudentMetricsWeb\", "{7B6E59A7-8B85-4804-AE22-A4AE04273290}"
	ProjectSection(WebsiteProperties) = preProject
		TargetFrameworkMoniker = ".NETFramework,Version%3Dv4.6.1"
		ProjectReferences = "{9edd9b9f-ff05-49b9-8394-483968ba6c30}|LSSDMetricsLibrary.dll;"
		Debug.AspNetCompiler.VirtualPath = "/localhost_63766"
		Debug.AspNetCompiler.PhysicalPath = "StudentMetricsWeb\"
		Debug.AspNetCompiler.TargetPath = "PrecompiledWeb\localhost_63766\"
		Debug.AspNetCompiler.Updateable = "true"
		Debug.AspNetCompiler.ForceOverwrite = "true"
		Debug.AspNetCompiler.FixedNames = "false"
		Debug.AspNetCompiler.Debug = "True"
		Release.AspNetCompiler.VirtualPath = "/localhost_63766"
		Release.AspNetCompiler.PhysicalPath = "StudentMetricsWeb\"
		Release.AspNetCompiler.TargetPath = "PrecompiledWeb\localhost_63766\"
		Release.AspNetCompiler.Updateable = "true"
		Release.AspNetCompiler.ForceOverwrite = "true"
		Release.AspNetCompiler.FixedNames = "false"
		Release.AspNetCompiler.Debug = "False"
		VWDPort = "63766"
		SlnRelativePath = "StudentMetricsWeb\"
		DefaultWebSiteLanguage = "Visual C#"
	EndProjectSection
EndProject
Project("{FAE04EC0-301F-11D3-BF4B-00C04F79EFBC}") = "BatchChartGenerator", "BatchChartGenerator\BatchChartGenerator.csproj", "{C4B3DF64-642A-4518-A662-6A69EE00372A}"
EndProject
Global
	GlobalSection(SolutionConfigurationPlatforms) = preSolution
		Debug|Any CPU = Debug|Any CPU
		Release|Any CPU = Release|Any CPU
	EndGlobalSection
	GlobalSection(ProjectConfigurationPlatforms) = postSolution
		{9EDD9B9F-FF05-49B9-8394-483968BA6C30}.Debug|Any CPU.ActiveCfg = Debug|Any CPU
		{9EDD9B9F-FF05-49B9-8394-483968BA6C30}.Debug|Any CPU.Build.0 = Debug|Any CPU
		{9EDD9B9F-FF05-49B9-8394-483968BA6C30}.Release|Any CPU.ActiveCfg = Release|Any CPU
		{9EDD9B9F-FF05-49B9-8394-483968BA6C30}.Release|Any CPU.Build.0 = Release|Any CPU
		{CC96AF6C-FFD0-4269-8FB9-9FA936B73F64}.Debug|Any CPU.ActiveCfg = Debug|Any CPU
		{CC96AF6C-FFD0-4269-8FB9-9FA936B73F64}.Debug|Any CPU.Build.0 = Debug|Any CPU
		{CC96AF6C-FFD0-4269-8FB9-9FA936B73F64}.Release|Any CPU.ActiveCfg = Release|Any CPU
		{CC96AF6C-FFD0-4269-8FB9-9FA936B73F64}.Release|Any CPU.Build.0 = Release|Any CPU
		{7B6E59A7-8B85-4804-AE22-A4AE04273290}.Debug|Any CPU.ActiveCfg = Debug|Any CPU
		{7B6E59A7-8B85-4804-AE22-A4AE04273290}.Debug|Any CPU.Build.0 = Debug|Any CPU
		{7B6E59A7-8B85-4804-AE22-A4AE04273290}.Release|Any CPU.ActiveCfg = Debug|Any CPU
		{7B6E59A7-8B85-4804-AE22-A4AE04273290}.Release|Any CPU.Build.0 = Debug|Any CPU
		{C4B3DF64-642A-4518-A662-6A69EE00372A}.Debug|Any CPU.ActiveCfg = Debug|Any CPU
		{C4B3DF64-642A-4518-A662-6A69EE00372A}.Debug|Any CPU.Build.0 = Debug|Any CPU
		{C4B3DF64-642A-4518-A662-6A69EE00372A}.Release|Any CPU.ActiveCfg = Release|Any CPU
		{C4B3DF64-642A-4518-A662-6A69EE00372A}.Release|Any CPU.Build.0 = Release|Any CPU
	EndGlobalSection
	GlobalSection(SolutionProperties) = preSolution
		HideSolutionNode = FALSE
	EndGlobalSection
	GlobalSection(ExtensibilityGlobals) = postSolution
		SolutionGuid = {189028AB-1CB8-48C6-9F6E-FCC605565E17}
	EndGlobalSection
EndGlobal
